
Microsoft Visual Studio Solution File, Format Version 12.00
# Visual Studio Version 17
VisualStudioVersion = 17.6.33829.357
MinimumVisualStudioVersion = 10.0.40219.1
Project("{9A19103F-16F7-4668-BE54-9A1E7A4F7556}") = "MTMA.API", "MTMA.API\MTMA.API.csproj", "{8B9A4B56-1B74-4EA7-B165-BFF4DD9C5E03}"
	ProjectSection(ProjectDependencies) = postProject
		{02E0A48A-3DA9-4467-A3C3-43DBFF927B26} = {02E0A48A-3DA9-4467-A3C3-43DBFF927B26}
		{70BBFC88-8531-4924-9858-0E49F43F2BFD} = {70BBFC88-8531-4924-9858-0E49F43F2BFD}
		{930AA2B6-FFA2-463E-89BC-FE01A72A8D64} = {930AA2B6-FFA2-463E-89BC-FE01A72A8D64}
		{A0A6E497-2B86-420E-AD89-44E90E608CBA} = {A0A6E497-2B86-420E-AD89-44E90E608CBA}
		{A86B2EFE-7F99-4014-856D-846EB6B97DE5} = {A86B2EFE-7F99-4014-856D-846EB6B97DE5}
		{E0F982D8-DD8A-4307-8C56-ED0F82874A43} = {E0F982D8-DD8A-4307-8C56-ED0F82874A43}
	EndProjectSection
EndProject
Project("{9A19103F-16F7-4668-BE54-9A1E7A4F7556}") = "MTMA.Common", "MTMA.Common\MTMA.Common.csproj", "{70BBFC88-8531-4924-9858-0E49F43F2BFD}"
EndProject
Project("{2150E333-8FDC-42A3-9474-1A3956D46DE8}") = "Data", "Data", "{54981571-4C2C-422E-96B4-CFEFFB3163C2}"
	ProjectSection(SolutionItems) = preProject
		.editorconfig = .editorconfig
	EndProjectSection
EndProject
Project("{2150E333-8FDC-42A3-9474-1A3956D46DE8}") = "Services", "Services", "{60E73773-5986-4AA0-916D-9701C24C1765}"
EndProject
Project("{2150E333-8FDC-42A3-9474-1A3956D46DE8}") = "Tests", "Tests", "{C5BE7057-225C-410C-871E-9ACF5298FAB6}"
EndProject
Project("{9A19103F-16F7-4668-BE54-9A1E7A4F7556}") = "MTMA.Services.Data.Tests", "MTMA.Services.Data.Tests\MTMA.Services.Data.Tests.csproj", "{009A5D21-600F-4DD2-8D77-10693CCD4DAF}"
	ProjectSection(ProjectDependencies) = postProject
		{930AA2B6-FFA2-463E-89BC-FE01A72A8D64} = {930AA2B6-FFA2-463E-89BC-FE01A72A8D64}
		{A0A6E497-2B86-420E-AD89-44E90E608CBA} = {A0A6E497-2B86-420E-AD89-44E90E608CBA}
	EndProjectSection
EndProject
Project("{9A19103F-16F7-4668-BE54-9A1E7A4F7556}") = "MTMA.Services.Data", "MTMA.Services.Data\MTMA.Services.Data.csproj", "{A0A6E497-2B86-420E-AD89-44E90E608CBA}"
	ProjectSection(ProjectDependencies) = postProject
		{02E0A48A-3DA9-4467-A3C3-43DBFF927B26} = {02E0A48A-3DA9-4467-A3C3-43DBFF927B26}
		{A86B2EFE-7F99-4014-856D-846EB6B97DE5} = {A86B2EFE-7F99-4014-856D-846EB6B97DE5}
		{C8462FBD-4145-4604-89A7-6B20D1BA08C0} = {C8462FBD-4145-4604-89A7-6B20D1BA08C0}
	EndProjectSection
EndProject
Project("{9A19103F-16F7-4668-BE54-9A1E7A4F7556}") = "MTMA.Services.ServiceModels", "MTMA.Services.ServiceModels\MTMA.Services.ServiceModels.csproj", "{E0F982D8-DD8A-4307-8C56-ED0F82874A43}"
	ProjectSection(ProjectDependencies) = postProject
		{02E0A48A-3DA9-4467-A3C3-43DBFF927B26} = {02E0A48A-3DA9-4467-A3C3-43DBFF927B26}
		{A86B2EFE-7F99-4014-856D-846EB6B97DE5} = {A86B2EFE-7F99-4014-856D-846EB6B97DE5}
	EndProjectSection
EndProject
Project("{9A19103F-16F7-4668-BE54-9A1E7A4F7556}") = "MTMA.Services.Mapping", "MTMA.Services.Mapping\MTMA.Services.Mapping.csproj", "{A86B2EFE-7F99-4014-856D-846EB6B97DE5}"
EndProject
Project("{9A19103F-16F7-4668-BE54-9A1E7A4F7556}") = "MTMA.Data", "MTMA.Data\MTMA.Data.csproj", "{930AA2B6-FFA2-463E-89BC-FE01A72A8D64}"
	ProjectSection(ProjectDependencies) = postProject
		{02E0A48A-3DA9-4467-A3C3-43DBFF927B26} = {02E0A48A-3DA9-4467-A3C3-43DBFF927B26}
		{70BBFC88-8531-4924-9858-0E49F43F2BFD} = {70BBFC88-8531-4924-9858-0E49F43F2BFD}
		{C8462FBD-4145-4604-89A7-6B20D1BA08C0} = {C8462FBD-4145-4604-89A7-6B20D1BA08C0}
	EndProjectSection
EndProject
Project("{9A19103F-16F7-4668-BE54-9A1E7A4F7556}") = "MTMA.Data.Common", "MTMA.Data.Common\MTMA.Data.Common.csproj", "{C8462FBD-4145-4604-89A7-6B20D1BA08C0}"
EndProject
Project("{9A19103F-16F7-4668-BE54-9A1E7A4F7556}") = "MTMA.Data.Models", "MTMA.Data.Models\MTMA.Data.Models.csproj", "{02E0A48A-3DA9-4467-A3C3-43DBFF927B26}"
	ProjectSection(ProjectDependencies) = postProject
		{C8462FBD-4145-4604-89A7-6B20D1BA08C0} = {C8462FBD-4145-4604-89A7-6B20D1BA08C0}
	EndProjectSection
EndProject
Project("{9A19103F-16F7-4668-BE54-9A1E7A4F7556}") = "MTMA.API.Tests", "MTMA.API.Tests\MTMA.API.Tests.csproj", "{22026A54-5732-4DB9-94AE-F108BAC57947}"
	ProjectSection(ProjectDependencies) = postProject
		{8B9A4B56-1B74-4EA7-B165-BFF4DD9C5E03} = {8B9A4B56-1B74-4EA7-B165-BFF4DD9C5E03}
	EndProjectSection
EndProject
Project("{9A19103F-16F7-4668-BE54-9A1E7A4F7556}") = "MTMA.Services", "MTMA.Services\MTMA.Services.csproj", "{4937E10E-ED90-40C3-9D92-A8F75861184D}"
EndProject
Project("{9A19103F-16F7-4668-BE54-9A1E7A4F7556}") = "MTMA.Services.Tests", "MTMA.Services.Tests\MTMA.Services.Tests.csproj", "{42818E48-E005-423C-9A44-CB1001ECC489}"
EndProject
Project("{2150E333-8FDC-42A3-9474-1A3956D46DE8}") = "Admin", "Admin", "{E020F24F-840E-45E0-A585-F4AAAB6FAD92}"
EndProject
Project("{FAE04EC0-301F-11D3-BF4B-00C04F79EFBC}") = "MTMA.AdminPanel", "MTMA.AdminPanel\MTMA.AdminPanel.csproj", "{BA4E7894-E7FF-4185-9752-5E18550DCF63}"
EndProject
Global
	GlobalSection(SolutionConfigurationPlatforms) = preSolution
		Debug|Any CPU = Debug|Any CPU
		Release|Any CPU = Release|Any CPU
	EndGlobalSection
	GlobalSection(ProjectConfigurationPlatforms) = postSolution
		{8B9A4B56-1B74-4EA7-B165-BFF4DD9C5E03}.Debug|Any CPU.ActiveCfg = Debug|Any CPU
		{8B9A4B56-1B74-4EA7-B165-BFF4DD9C5E03}.Debug|Any CPU.Build.0 = Debug|Any CPU
		{8B9A4B56-1B74-4EA7-B165-BFF4DD9C5E03}.Release|Any CPU.ActiveCfg = Release|Any CPU
		{8B9A4B56-1B74-4EA7-B165-BFF4DD9C5E03}.Release|Any CPU.Build.0 = Release|Any CPU
		{70BBFC88-8531-4924-9858-0E49F43F2BFD}.Debug|Any CPU.ActiveCfg = Debug|Any CPU
		{70BBFC88-8531-4924-9858-0E49F43F2BFD}.Debug|Any CPU.Build.0 = Debug|Any CPU
		{70BBFC88-8531-4924-9858-0E49F43F2BFD}.Release|Any CPU.ActiveCfg = Release|Any CPU
		{70BBFC88-8531-4924-9858-0E49F43F2BFD}.Release|Any CPU.Build.0 = Release|Any CPU
		{009A5D21-600F-4DD2-8D77-10693CCD4DAF}.Debug|Any CPU.ActiveCfg = Debug|Any CPU
		{009A5D21-600F-4DD2-8D77-10693CCD4DAF}.Debug|Any CPU.Build.0 = Debug|Any CPU
		{009A5D21-600F-4DD2-8D77-10693CCD4DAF}.Release|Any CPU.ActiveCfg = Release|Any CPU
		{009A5D21-600F-4DD2-8D77-10693CCD4DAF}.Release|Any CPU.Build.0 = Release|Any CPU
		{A0A6E497-2B86-420E-AD89-44E90E608CBA}.Debug|Any CPU.ActiveCfg = Debug|Any CPU
		{A0A6E497-2B86-420E-AD89-44E90E608CBA}.Debug|Any CPU.Build.0 = Debug|Any CPU
		{A0A6E497-2B86-420E-AD89-44E90E608CBA}.Release|Any CPU.ActiveCfg = Release|Any CPU
		{A0A6E497-2B86-420E-AD89-44E90E608CBA}.Release|Any CPU.Build.0 = Release|Any CPU
		{E0F982D8-DD8A-4307-8C56-ED0F82874A43}.Debug|Any CPU.ActiveCfg = Debug|Any CPU
		{E0F982D8-DD8A-4307-8C56-ED0F82874A43}.Debug|Any CPU.Build.0 = Debug|Any CPU
		{E0F982D8-DD8A-4307-8C56-ED0F82874A43}.Release|Any CPU.ActiveCfg = Release|Any CPU
		{E0F982D8-DD8A-4307-8C56-ED0F82874A43}.Release|Any CPU.Build.0 = Release|Any CPU
		{A86B2EFE-7F99-4014-856D-846EB6B97DE5}.Debug|Any CPU.ActiveCfg = Debug|Any CPU
		{A86B2EFE-7F99-4014-856D-846EB6B97DE5}.Debug|Any CPU.Build.0 = Debug|Any CPU
		{A86B2EFE-7F99-4014-856D-846EB6B97DE5}.Release|Any CPU.ActiveCfg = Release|Any CPU
		{A86B2EFE-7F99-4014-856D-846EB6B97DE5}.Release|Any CPU.Build.0 = Release|Any CPU
		{930AA2B6-FFA2-463E-89BC-FE01A72A8D64}.Debug|Any CPU.ActiveCfg = Debug|Any CPU
		{930AA2B6-FFA2-463E-89BC-FE01A72A8D64}.Debug|Any CPU.Build.0 = Debug|Any CPU
		{930AA2B6-FFA2-463E-89BC-FE01A72A8D64}.Release|Any CPU.ActiveCfg = Release|Any CPU
		{930AA2B6-FFA2-463E-89BC-FE01A72A8D64}.Release|Any CPU.Build.0 = Release|Any CPU
		{C8462FBD-4145-4604-89A7-6B20D1BA08C0}.Debug|Any CPU.ActiveCfg = Debug|Any CPU
		{C8462FBD-4145-4604-89A7-6B20D1BA08C0}.Debug|Any CPU.Build.0 = Debug|Any CPU
		{C8462FBD-4145-4604-89A7-6B20D1BA08C0}.Release|Any CPU.ActiveCfg = Release|Any CPU
		{C8462FBD-4145-4604-89A7-6B20D1BA08C0}.Release|Any CPU.Build.0 = Release|Any CPU
		{02E0A48A-3DA9-4467-A3C3-43DBFF927B26}.Debug|Any CPU.ActiveCfg = Debug|Any CPU
		{02E0A48A-3DA9-4467-A3C3-43DBFF927B26}.Debug|Any CPU.Build.0 = Debug|Any CPU
		{02E0A48A-3DA9-4467-A3C3-43DBFF927B26}.Release|Any CPU.ActiveCfg = Release|Any CPU
		{02E0A48A-3DA9-4467-A3C3-43DBFF927B26}.Release|Any CPU.Build.0 = Release|Any CPU
		{22026A54-5732-4DB9-94AE-F108BAC57947}.Debug|Any CPU.ActiveCfg = Debug|Any CPU
		{22026A54-5732-4DB9-94AE-F108BAC57947}.Debug|Any CPU.Build.0 = Debug|Any CPU
		{22026A54-5732-4DB9-94AE-F108BAC57947}.Release|Any CPU.ActiveCfg = Release|Any CPU
		{22026A54-5732-4DB9-94AE-F108BAC57947}.Release|Any CPU.Build.0 = Release|Any CPU
		{4937E10E-ED90-40C3-9D92-A8F75861184D}.Debug|Any CPU.ActiveCfg = Debug|Any CPU
		{4937E10E-ED90-40C3-9D92-A8F75861184D}.Debug|Any CPU.Build.0 = Debug|Any CPU
		{4937E10E-ED90-40C3-9D92-A8F75861184D}.Release|Any CPU.ActiveCfg = Release|Any CPU
		{4937E10E-ED90-40C3-9D92-A8F75861184D}.Release|Any CPU.Build.0 = Release|Any CPU
		{42818E48-E005-423C-9A44-CB1001ECC489}.Debug|Any CPU.ActiveCfg = Debug|Any CPU
		{42818E48-E005-423C-9A44-CB1001ECC489}.Debug|Any CPU.Build.0 = Debug|Any CPU
		{42818E48-E005-423C-9A44-CB1001ECC489}.Release|Any CPU.ActiveCfg = Release|Any CPU
		{42818E48-E005-423C-9A44-CB1001ECC489}.Release|Any CPU.Build.0 = Release|Any CPU
		{BA4E7894-E7FF-4185-9752-5E18550DCF63}.Debug|Any CPU.ActiveCfg = Debug|Any CPU
		{BA4E7894-E7FF-4185-9752-5E18550DCF63}.Debug|Any CPU.Build.0 = Debug|Any CPU
		{BA4E7894-E7FF-4185-9752-5E18550DCF63}.Release|Any CPU.ActiveCfg = Release|Any CPU
		{BA4E7894-E7FF-4185-9752-5E18550DCF63}.Release|Any CPU.Build.0 = Release|Any CPU
	EndGlobalSection
	GlobalSection(SolutionProperties) = preSolution
		HideSolutionNode = FALSE
	EndGlobalSection
	GlobalSection(NestedProjects) = preSolution
		{009A5D21-600F-4DD2-8D77-10693CCD4DAF} = {C5BE7057-225C-410C-871E-9ACF5298FAB6}
		{A0A6E497-2B86-420E-AD89-44E90E608CBA} = {60E73773-5986-4AA0-916D-9701C24C1765}
		{E0F982D8-DD8A-4307-8C56-ED0F82874A43} = {60E73773-5986-4AA0-916D-9701C24C1765}
		{A86B2EFE-7F99-4014-856D-846EB6B97DE5} = {60E73773-5986-4AA0-916D-9701C24C1765}
		{930AA2B6-FFA2-463E-89BC-FE01A72A8D64} = {54981571-4C2C-422E-96B4-CFEFFB3163C2}
		{C8462FBD-4145-4604-89A7-6B20D1BA08C0} = {54981571-4C2C-422E-96B4-CFEFFB3163C2}
		{02E0A48A-3DA9-4467-A3C3-43DBFF927B26} = {54981571-4C2C-422E-96B4-CFEFFB3163C2}
		{22026A54-5732-4DB9-94AE-F108BAC57947} = {C5BE7057-225C-410C-871E-9ACF5298FAB6}
		{4937E10E-ED90-40C3-9D92-A8F75861184D} = {60E73773-5986-4AA0-916D-9701C24C1765}
		{42818E48-E005-423C-9A44-CB1001ECC489} = {C5BE7057-225C-410C-871E-9ACF5298FAB6}
		{BA4E7894-E7FF-4185-9752-5E18550DCF63} = {E020F24F-840E-45E0-A585-F4AAAB6FAD92}
	EndGlobalSection
	GlobalSection(ExtensibilityGlobals) = postSolution
		SolutionGuid = {AC3BE4B1-A5CF-47D7-AA11-0895BF0CB2BE}
	EndGlobalSection
EndGlobal
